{
  "name": "NoobV2",
  "lockfileVersion": 3,
  "requires": true,
  "packages": {
    "": {
      "dependencies": {
        "fs": "^0.0.1-security",
        "node-cron": "^4.2.1"
      }
    },
    "node_modules/fs": {
      "version": "0.0.1-security",
      "resolved": "https://registry.npmjs.org/fs/-/fs-0.0.1-security.tgz",
      "integrity": "sha512-3XY9e1pP0CVEUCdj5BmfIZxRBTSDycnbqhIOGec9QYtmVH2fbLpj86CFWkrNOkt/Fvty4KZG5lTglL9j/gJ87w=="
    },
    "node_modules/node-cron": {
      "version": "4.2.1",
      "resolved": "https://registry.npmjs.org/node-cron/-/node-cron-4.2.1.tgz",
      "integrity": "sha512-lgimEHPE/QDgFlywTd8yTR61ptugX3Qer29efeyWw2rv259HtGBNn1vZVmp8lB9uo9wC0t/AT4iGqXxia+CJFg==",
      "engines": {
        "node": ">=6.0.0"
      }
    }
  }
}
